
Microsoft Visual Studio Solution File, Format Version 12.00
# Visual Studio Version 16
VisualStudioVersion = 16.0.30621.155
MinimumVisualStudioVersion = 10.0.40219.1
Project("{2150E333-8FDC-42A3-9474-1A3956D46DE8}") = "Server", "Server", "{B68139EB-F76B-41BD-B3FE-3ED0B7E8CDC0}"
EndProject
Project("{2150E333-8FDC-42A3-9474-1A3956D46DE8}") = "Common", "Common", "{3AFE3696-3A14-45A8-A079-333850913BFA}"
	ProjectSection(SolutionItems) = preProject
		Common\AssemblyInfo.targets = Common\AssemblyInfo.targets
	EndProjectSection
EndProject
Project("{2150E333-8FDC-42A3-9474-1A3956D46DE8}") = "Wpf", "Wpf", "{050DF902-A07C-4FDB-9242-E93841CA4036}"
EndProject
Project("{2150E333-8FDC-42A3-9474-1A3956D46DE8}") = "Excel", "Excel", "{44AA1057-C75E-4491-A3A4-18D4CDB955B2}"
EndProject
Project("{9A19103F-16F7-4668-BE54-9A1E7A4F7556}") = "PPSnCore", "PPSnCore\PPSnCore.csproj", "{F4609545-6D91-4B2D-A811-3201F4934505}"
EndProject
Project("{D954291E-2A0B-460D-934E-DC6B0785DB48}") = "PPSnClient", "PPSnClient\PPSnClient.shproj", "{F2DBCBC9-91BE-4964-AD72-D51D2D9F73C0}"
EndProject
Project("{D954291E-2A0B-460D-934E-DC6B0785DB48}") = "PPSnBaseCfg", "Extern\ppsncfg\PPSnBaseCfg\PPSnBaseCfg.shproj", "{320054B5-C87E-4017-BBA7-04B1C25415CE}"
EndProject
Project("{FAE04EC0-301F-11D3-BF4B-00C04F79EFBC}") = "PPSnTests", "PPSnTests\PPSnTests.csproj", "{3AAB65D7-528E-4A20-B6D6-4FB0324B4D0E}"
EndProject
Project("{9A19103F-16F7-4668-BE54-9A1E7A4F7556}") = "PPSnDesktopUI", "PPSnDesktopUI\PPSnDesktopUI.csproj", "{C7D09A93-DA78-4B81-8D3C-260442C61C5F}"
EndProject
Project("{9A19103F-16F7-4668-BE54-9A1E7A4F7556}") = "PPSnDesktop", "PPSnDesktop\PPSnDesktop.csproj", "{399842B7-9C2D-4C1F-8B39-5D479D9C66A7}"
EndProject
Project("{FAE04EC0-301F-11D3-BF4B-00C04F79EFBC}") = "PPSnExcel", "PPSnExcel\PPSnExcel.csproj", "{D4900AD1-E946-470E-BC3F-4F041EB2A89D}"
EndProject
Project("{9A19103F-16F7-4668-BE54-9A1E7A4F7556}") = "PPSnReport", "PPSnReport\PPSnReport.csproj", "{BD5FAF7D-B1DD-4A54-A481-C46179FCC087}"
EndProject
Project("{9A19103F-16F7-4668-BE54-9A1E7A4F7556}") = "PPSnMod", "PPSnMod\PPSnMod.csproj", "{56F95A2C-ABDB-49CF-91D9-E01D7E3A23A1}"
EndProject
Project("{FAE04EC0-301F-11D3-BF4B-00C04F79EFBC}") = "PPSnModCfg", "PPSnModCfg\PPSnModCfg.csproj", "{B306308F-573E-4212-A725-AFF0E36913BD}"
EndProject
Project("{00D1A9C2-B5F0-4AF3-8072-F6C62B433612}") = "PPSnMaster", "Extern\ppsncfg\PPSnMaster\PPSnMaster.sqlproj", "{CC8BDBCD-F4DC-4F85-B187-2C6E2EA44F82}"
EndProject
Project("{FAE04EC0-301F-11D3-BF4B-00C04F79EFBC}") = "PPSnExcelUI", "PPSnExcelUI\PPSnExcelUI.csproj", "{48F78CBB-B08C-42BB-83AF-D02DE9D16010}"
EndProject
Project("{FAE04EC0-301F-11D3-BF4B-00C04F79EFBC}") = "PPSnExport", "PPSnExport\PPSnExport.csproj", "{C0ADD0C1-6A22-454F-8797-0051980EE132}"
EndProject
Project("{9A19103F-16F7-4668-BE54-9A1E7A4F7556}") = "PPSnUI", "PPSnUI\PPSnUI.csproj", "{CB2284D7-8B0E-42C6-AD02-5AE451DA657E}"
EndProject
Project("{FAE04EC0-301F-11D3-BF4B-00C04F79EFBC}") = "PPSnDesktopTest", "PPSnDesktopTest\PPSnDesktopTest.csproj", "{8B35EFBD-46D9-4E24-A491-ACC5EC4E89F5}"
EndProject
Global
	GlobalSection(SharedMSBuildProjectFiles) = preSolution
		Extern\ppsncfg\PPSnBaseCfg\PPSnBaseCfg.projitems*{320054b5-c87e-4017-bba7-04b1c25415ce}*SharedItemsImports = 13
		Extern\ppsncfg\PPSnBaseCfg\PPSnBaseCfg.projitems*{b306308f-573e-4212-a725-aff0e36913bd}*SharedItemsImports = 4
		PPSnClient\PPSnClient.projitems*{f2dbcbc9-91be-4964-ad72-d51d2d9f73c0}*SharedItemsImports = 13
	EndGlobalSection
	GlobalSection(SolutionConfigurationPlatforms) = preSolution
		Debug|Any CPU = Debug|Any CPU
		Release|Any CPU = Release|Any CPU
	EndGlobalSection
	GlobalSection(ProjectConfigurationPlatforms) = postSolution
		{F4609545-6D91-4B2D-A811-3201F4934505}.Debug|Any CPU.ActiveCfg = Debug|Any CPU
		{F4609545-6D91-4B2D-A811-3201F4934505}.Debug|Any CPU.Build.0 = Debug|Any CPU
		{F4609545-6D91-4B2D-A811-3201F4934505}.Release|Any CPU.ActiveCfg = Release|Any CPU
		{F4609545-6D91-4B2D-A811-3201F4934505}.Release|Any CPU.Build.0 = Release|Any CPU
		{3AAB65D7-528E-4A20-B6D6-4FB0324B4D0E}.Debug|Any CPU.ActiveCfg = Debug|Any CPU
		{3AAB65D7-528E-4A20-B6D6-4FB0324B4D0E}.Debug|Any CPU.Build.0 = Debug|Any CPU
		{3AAB65D7-528E-4A20-B6D6-4FB0324B4D0E}.Release|Any CPU.ActiveCfg = Release|Any CPU
		{3AAB65D7-528E-4A20-B6D6-4FB0324B4D0E}.Release|Any CPU.Build.0 = Release|Any CPU
		{C7D09A93-DA78-4B81-8D3C-260442C61C5F}.Debug|Any CPU.ActiveCfg = Debug|Any CPU
		{C7D09A93-DA78-4B81-8D3C-260442C61C5F}.Debug|Any CPU.Build.0 = Debug|Any CPU
		{C7D09A93-DA78-4B81-8D3C-260442C61C5F}.Release|Any CPU.ActiveCfg = Release|Any CPU
		{C7D09A93-DA78-4B81-8D3C-260442C61C5F}.Release|Any CPU.Build.0 = Release|Any CPU
		{399842B7-9C2D-4C1F-8B39-5D479D9C66A7}.Debug|Any CPU.ActiveCfg = Debug|Any CPU
		{399842B7-9C2D-4C1F-8B39-5D479D9C66A7}.Debug|Any CPU.Build.0 = Debug|Any CPU
		{399842B7-9C2D-4C1F-8B39-5D479D9C66A7}.Release|Any CPU.ActiveCfg = Release|Any CPU
		{399842B7-9C2D-4C1F-8B39-5D479D9C66A7}.Release|Any CPU.Build.0 = Release|Any CPU
		{D4900AD1-E946-470E-BC3F-4F041EB2A89D}.Debug|Any CPU.ActiveCfg = Debug|Any CPU
		{D4900AD1-E946-470E-BC3F-4F041EB2A89D}.Debug|Any CPU.Build.0 = Debug|Any CPU
		{D4900AD1-E946-470E-BC3F-4F041EB2A89D}.Release|Any CPU.ActiveCfg = Release|Any CPU
		{D4900AD1-E946-470E-BC3F-4F041EB2A89D}.Release|Any CPU.Build.0 = Release|Any CPU
		{BD5FAF7D-B1DD-4A54-A481-C46179FCC087}.Debug|Any CPU.ActiveCfg = Debug|Any CPU
		{BD5FAF7D-B1DD-4A54-A481-C46179FCC087}.Debug|Any CPU.Build.0 = Debug|Any CPU
		{BD5FAF7D-B1DD-4A54-A481-C46179FCC087}.Release|Any CPU.ActiveCfg = Release|Any CPU
		{BD5FAF7D-B1DD-4A54-A481-C46179FCC087}.Release|Any CPU.Build.0 = Release|Any CPU
		{56F95A2C-ABDB-49CF-91D9-E01D7E3A23A1}.Debug|Any CPU.ActiveCfg = Debug|Any CPU
		{56F95A2C-ABDB-49CF-91D9-E01D7E3A23A1}.Debug|Any CPU.Build.0 = Debug|Any CPU
		{56F95A2C-ABDB-49CF-91D9-E01D7E3A23A1}.Release|Any CPU.ActiveCfg = Release|Any CPU
		{56F95A2C-ABDB-49CF-91D9-E01D7E3A23A1}.Release|Any CPU.Build.0 = Release|Any CPU
		{B306308F-573E-4212-A725-AFF0E36913BD}.Debug|Any CPU.ActiveCfg = Debug|Any CPU
		{B306308F-573E-4212-A725-AFF0E36913BD}.Debug|Any CPU.Build.0 = Debug|Any CPU
		{B306308F-573E-4212-A725-AFF0E36913BD}.Release|Any CPU.ActiveCfg = Release|Any CPU
		{B306308F-573E-4212-A725-AFF0E36913BD}.Release|Any CPU.Build.0 = Release|Any CPU
		{CC8BDBCD-F4DC-4F85-B187-2C6E2EA44F82}.Debug|Any CPU.ActiveCfg = Debug|Any CPU
		{CC8BDBCD-F4DC-4F85-B187-2C6E2EA44F82}.Debug|Any CPU.Build.0 = Debug|Any CPU
		{CC8BDBCD-F4DC-4F85-B187-2C6E2EA44F82}.Debug|Any CPU.Deploy.0 = Debug|Any CPU
		{CC8BDBCD-F4DC-4F85-B187-2C6E2EA44F82}.Release|Any CPU.ActiveCfg = Release|Any CPU
		{CC8BDBCD-F4DC-4F85-B187-2C6E2EA44F82}.Release|Any CPU.Build.0 = Release|Any CPU
		{CC8BDBCD-F4DC-4F85-B187-2C6E2EA44F82}.Release|Any CPU.Deploy.0 = Release|Any CPU
		{48F78CBB-B08C-42BB-83AF-D02DE9D16010}.Debug|Any CPU.ActiveCfg = Debug|Any CPU
		{48F78CBB-B08C-42BB-83AF-D02DE9D16010}.Debug|Any CPU.Build.0 = Debug|Any CPU
		{48F78CBB-B08C-42BB-83AF-D02DE9D16010}.Release|Any CPU.ActiveCfg = Release|Any CPU
		{48F78CBB-B08C-42BB-83AF-D02DE9D16010}.Release|Any CPU.Build.0 = Release|Any CPU
		{C0ADD0C1-6A22-454F-8797-0051980EE132}.Debug|Any CPU.ActiveCfg = Debug|Any CPU
		{C0ADD0C1-6A22-454F-8797-0051980EE132}.Debug|Any CPU.Build.0 = Debug|Any CPU
		{C0ADD0C1-6A22-454F-8797-0051980EE132}.Release|Any CPU.ActiveCfg = Release|Any CPU
		{C0ADD0C1-6A22-454F-8797-0051980EE132}.Release|Any CPU.Build.0 = Release|Any CPU
		{CB2284D7-8B0E-42C6-AD02-5AE451DA657E}.Debug|Any CPU.ActiveCfg = Debug|Any CPU
		{CB2284D7-8B0E-42C6-AD02-5AE451DA657E}.Debug|Any CPU.Build.0 = Debug|Any CPU
		{CB2284D7-8B0E-42C6-AD02-5AE451DA657E}.Release|Any CPU.ActiveCfg = Release|Any CPU
		{CB2284D7-8B0E-42C6-AD02-5AE451DA657E}.Release|Any CPU.Build.0 = Release|Any CPU
		{8B35EFBD-46D9-4E24-A491-ACC5EC4E89F5}.Debug|Any CPU.ActiveCfg = Debug|Any CPU
		{8B35EFBD-46D9-4E24-A491-ACC5EC4E89F5}.Debug|Any CPU.Build.0 = Debug|Any CPU
		{8B35EFBD-46D9-4E24-A491-ACC5EC4E89F5}.Release|Any CPU.ActiveCfg = Release|Any CPU
		{8B35EFBD-46D9-4E24-A491-ACC5EC4E89F5}.Release|Any CPU.Build.0 = Release|Any CPU
	EndGlobalSection
	GlobalSection(SolutionProperties) = preSolution
		HideSolutionNode = FALSE
	EndGlobalSection
	GlobalSection(NestedProjects) = preSolution
		{F4609545-6D91-4B2D-A811-3201F4934505} = {3AFE3696-3A14-45A8-A079-333850913BFA}
		{F2DBCBC9-91BE-4964-AD72-D51D2D9F73C0} = {3AFE3696-3A14-45A8-A079-333850913BFA}
		{320054B5-C87E-4017-BBA7-04B1C25415CE} = {B68139EB-F76B-41BD-B3FE-3ED0B7E8CDC0}
		{3AAB65D7-528E-4A20-B6D6-4FB0324B4D0E} = {3AFE3696-3A14-45A8-A079-333850913BFA}
		{C7D09A93-DA78-4B81-8D3C-260442C61C5F} = {050DF902-A07C-4FDB-9242-E93841CA4036}
		{399842B7-9C2D-4C1F-8B39-5D479D9C66A7} = {050DF902-A07C-4FDB-9242-E93841CA4036}
		{D4900AD1-E946-470E-BC3F-4F041EB2A89D} = {44AA1057-C75E-4491-A3A4-18D4CDB955B2}
		{BD5FAF7D-B1DD-4A54-A481-C46179FCC087} = {3AFE3696-3A14-45A8-A079-333850913BFA}
		{56F95A2C-ABDB-49CF-91D9-E01D7E3A23A1} = {B68139EB-F76B-41BD-B3FE-3ED0B7E8CDC0}
		{B306308F-573E-4212-A725-AFF0E36913BD} = {B68139EB-F76B-41BD-B3FE-3ED0B7E8CDC0}
		{CC8BDBCD-F4DC-4F85-B187-2C6E2EA44F82} = {B68139EB-F76B-41BD-B3FE-3ED0B7E8CDC0}
		{48F78CBB-B08C-42BB-83AF-D02DE9D16010} = {44AA1057-C75E-4491-A3A4-18D4CDB955B2}
		{C0ADD0C1-6A22-454F-8797-0051980EE132} = {44AA1057-C75E-4491-A3A4-18D4CDB955B2}
		{CB2284D7-8B0E-42C6-AD02-5AE451DA657E} = {3AFE3696-3A14-45A8-A079-333850913BFA}
		{8B35EFBD-46D9-4E24-A491-ACC5EC4E89F5} = {050DF902-A07C-4FDB-9242-E93841CA4036}
	EndGlobalSection
	GlobalSection(ExtensibilityGlobals) = postSolution
		RESX_NeutralResourcesLanguage = de-DE
		SolutionGuid = {F0AFC2F2-0A01-4CAB-8B21-44C224AFF0A0}
	EndGlobalSection
EndGlobal
