
Microsoft Visual Studio Solution File, Format Version 12.00
# Visual Studio 15
VisualStudioVersion = 15.0.27004.2005
MinimumVisualStudioVersion = 10.0.40219.1
Project("{FAE04EC0-301F-11D3-BF4B-00C04F79EFBC}") = "PPSnCore", "PPSnCore\PPSnCore.csproj", "{F4609545-6D91-4B2D-A811-3201F4934505}"
EndProject
Project("{FAE04EC0-301F-11D3-BF4B-00C04F79EFBC}") = "PPSnCoreTest", "PPSnCoreTest\PPSnCoreTest.csproj", "{61F3DFC5-4E64-4B5D-9EBA-4F1289B736BE}"
EndProject
Project("{2150E333-8FDC-42A3-9474-1A3956D46DE8}") = "Extern", "Extern", "{5106B769-F853-41E4-A60C-C25709DB440A}"
EndProject
Project("{FAE04EC0-301F-11D3-BF4B-00C04F79EFBC}") = "PPSnClient", "PPSnClient\PPSnClient.csproj", "{6B2E2C3C-B2E0-4C9F-A1DA-3E78BDB3A141}"
EndProject
Project("{FAE04EC0-301F-11D3-BF4B-00C04F79EFBC}") = "DESCore", "..\..\twdes\des\Extern\Core\DESCore\DESCore.csproj", "{67528843-E631-4C05-B6E8-514CC8BEC7B6}"
EndProject
Project("{FAE04EC0-301F-11D3-BF4B-00C04F79EFBC}") = "PPSnReport", "PPSnReport\PPSnReport.csproj", "{BD5FAF7D-B1DD-4A54-A481-C46179FCC087}"
EndProject
Global
	GlobalSection(SolutionConfigurationPlatforms) = preSolution
		Debug|Any CPU = Debug|Any CPU
		Release|Any CPU = Release|Any CPU
	EndGlobalSection
	GlobalSection(ProjectConfigurationPlatforms) = postSolution
		{F4609545-6D91-4B2D-A811-3201F4934505}.Debug|Any CPU.ActiveCfg = Debug|Any CPU
		{F4609545-6D91-4B2D-A811-3201F4934505}.Debug|Any CPU.Build.0 = Debug|Any CPU
		{F4609545-6D91-4B2D-A811-3201F4934505}.Release|Any CPU.ActiveCfg = Release|Any CPU
		{F4609545-6D91-4B2D-A811-3201F4934505}.Release|Any CPU.Build.0 = Release|Any CPU
		{61F3DFC5-4E64-4B5D-9EBA-4F1289B736BE}.Debug|Any CPU.ActiveCfg = Debug|Any CPU
		{61F3DFC5-4E64-4B5D-9EBA-4F1289B736BE}.Debug|Any CPU.Build.0 = Debug|Any CPU
		{61F3DFC5-4E64-4B5D-9EBA-4F1289B736BE}.Release|Any CPU.ActiveCfg = Release|Any CPU
		{61F3DFC5-4E64-4B5D-9EBA-4F1289B736BE}.Release|Any CPU.Build.0 = Release|Any CPU
		{6B2E2C3C-B2E0-4C9F-A1DA-3E78BDB3A141}.Debug|Any CPU.ActiveCfg = Debug|Any CPU
		{6B2E2C3C-B2E0-4C9F-A1DA-3E78BDB3A141}.Debug|Any CPU.Build.0 = Debug|Any CPU
		{6B2E2C3C-B2E0-4C9F-A1DA-3E78BDB3A141}.Release|Any CPU.ActiveCfg = Release|Any CPU
		{6B2E2C3C-B2E0-4C9F-A1DA-3E78BDB3A141}.Release|Any CPU.Build.0 = Release|Any CPU
		{67528843-E631-4C05-B6E8-514CC8BEC7B6}.Debug|Any CPU.ActiveCfg = Debug|Any CPU
		{67528843-E631-4C05-B6E8-514CC8BEC7B6}.Debug|Any CPU.Build.0 = Debug|Any CPU
		{67528843-E631-4C05-B6E8-514CC8BEC7B6}.Release|Any CPU.ActiveCfg = Release|Any CPU
		{67528843-E631-4C05-B6E8-514CC8BEC7B6}.Release|Any CPU.Build.0 = Release|Any CPU
		{BD5FAF7D-B1DD-4A54-A481-C46179FCC087}.Debug|Any CPU.ActiveCfg = Debug|Any CPU
		{BD5FAF7D-B1DD-4A54-A481-C46179FCC087}.Debug|Any CPU.Build.0 = Debug|Any CPU
		{BD5FAF7D-B1DD-4A54-A481-C46179FCC087}.Release|Any CPU.ActiveCfg = Release|Any CPU
		{BD5FAF7D-B1DD-4A54-A481-C46179FCC087}.Release|Any CPU.Build.0 = Release|Any CPU
	EndGlobalSection
	GlobalSection(SolutionProperties) = preSolution
		HideSolutionNode = FALSE
	EndGlobalSection
	GlobalSection(NestedProjects) = preSolution
		{67528843-E631-4C05-B6E8-514CC8BEC7B6} = {5106B769-F853-41E4-A60C-C25709DB440A}
	EndGlobalSection
	GlobalSection(ExtensibilityGlobals) = postSolution
		SolutionGuid = {E79D687C-419E-4DCC-87BA-4463CA4615DD}
	EndGlobalSection
EndGlobal
