
Microsoft Visual Studio Solution File, Format Version 12.00
# Visual Studio 2013
VisualStudioVersion = 12.0.40418.0
MinimumVisualStudioVersion = 10.0.40219.1
Project("{FAE04EC0-301F-11D3-BF4B-00C04F79EFBC}") = "PPSnDesktop", "PPSnDesktop\PPSnDesktop.csproj", "{399842B7-9C2D-4C1F-8B39-5D479D9C66A7}"
EndProject
Project("{FAE04EC0-301F-11D3-BF4B-00C04F79EFBC}") = "PPSnDesktopUI", "PPSnDesktopUI\PPSnDesktopUI.csproj", "{C7D09A93-DA78-4B81-8D3C-260442C61C5F}"
EndProject
Project("{2150E333-8FDC-42A3-9474-1A3956D46DE8}") = "Extern", "Extern", "{EBCF346C-E1AD-492E-A15C-84D184044512}"
EndProject
Project("{FAE04EC0-301F-11D3-BF4B-00C04F79EFBC}") = "PPSnClient", "..\PPSnCore\PPSnClient\PPSnClient.csproj", "{6B2E2C3C-B2E0-4C9F-A1DA-3E78BDB3A141}"
EndProject
Project("{FAE04EC0-301F-11D3-BF4B-00C04F79EFBC}") = "PPSnCore", "..\PPSnCore\PPSnCore\PPSnCore.csproj", "{F4609545-6D91-4B2D-A811-3201F4934505}"
EndProject
Project("{FAE04EC0-301F-11D3-BF4B-00C04F79EFBC}") = "PPSnDesktopPG", "PPSnDesktopPG\PPSnDesktopPG.csproj", "{41BA2001-EECF-49F2-A1A9-E0A274FAB361}"
EndProject
Project("{FAE04EC0-301F-11D3-BF4B-00C04F79EFBC}") = "DESCore", "..\PPSnCore\Extern\DESCore\DESCore\DESCore.csproj", "{67528843-E631-4C05-B6E8-514CC8BEC7B6}"
EndProject
Project("{2150E333-8FDC-42A3-9474-1A3956D46DE8}") = "Solution Items", "Solution Items", "{70FDA9BB-BD27-40C7-881B-B3BF9F861CE2}"
	ProjectSection(SolutionItems) = preProject
		Richter_Memo.txt = Richter_Memo.txt
	EndProjectSection
EndProject
Global
	GlobalSection(SolutionConfigurationPlatforms) = preSolution
		Debug|Any CPU = Debug|Any CPU
		Release|Any CPU = Release|Any CPU
	EndGlobalSection
	GlobalSection(ProjectConfigurationPlatforms) = postSolution
		{399842B7-9C2D-4C1F-8B39-5D479D9C66A7}.Debug|Any CPU.ActiveCfg = Debug|Any CPU
		{399842B7-9C2D-4C1F-8B39-5D479D9C66A7}.Debug|Any CPU.Build.0 = Debug|Any CPU
		{399842B7-9C2D-4C1F-8B39-5D479D9C66A7}.Release|Any CPU.ActiveCfg = Release|Any CPU
		{399842B7-9C2D-4C1F-8B39-5D479D9C66A7}.Release|Any CPU.Build.0 = Release|Any CPU
		{C7D09A93-DA78-4B81-8D3C-260442C61C5F}.Debug|Any CPU.ActiveCfg = Debug|Any CPU
		{C7D09A93-DA78-4B81-8D3C-260442C61C5F}.Debug|Any CPU.Build.0 = Debug|Any CPU
		{C7D09A93-DA78-4B81-8D3C-260442C61C5F}.Release|Any CPU.ActiveCfg = Release|Any CPU
		{C7D09A93-DA78-4B81-8D3C-260442C61C5F}.Release|Any CPU.Build.0 = Release|Any CPU
		{6B2E2C3C-B2E0-4C9F-A1DA-3E78BDB3A141}.Debug|Any CPU.ActiveCfg = Debug|Any CPU
		{6B2E2C3C-B2E0-4C9F-A1DA-3E78BDB3A141}.Debug|Any CPU.Build.0 = Debug|Any CPU
		{6B2E2C3C-B2E0-4C9F-A1DA-3E78BDB3A141}.Release|Any CPU.ActiveCfg = Release|Any CPU
		{6B2E2C3C-B2E0-4C9F-A1DA-3E78BDB3A141}.Release|Any CPU.Build.0 = Release|Any CPU
		{F4609545-6D91-4B2D-A811-3201F4934505}.Debug|Any CPU.ActiveCfg = Debug|Any CPU
		{F4609545-6D91-4B2D-A811-3201F4934505}.Debug|Any CPU.Build.0 = Debug|Any CPU
		{F4609545-6D91-4B2D-A811-3201F4934505}.Release|Any CPU.ActiveCfg = Release|Any CPU
		{F4609545-6D91-4B2D-A811-3201F4934505}.Release|Any CPU.Build.0 = Release|Any CPU
		{41BA2001-EECF-49F2-A1A9-E0A274FAB361}.Debug|Any CPU.ActiveCfg = Debug|Any CPU
		{41BA2001-EECF-49F2-A1A9-E0A274FAB361}.Debug|Any CPU.Build.0 = Debug|Any CPU
		{41BA2001-EECF-49F2-A1A9-E0A274FAB361}.Release|Any CPU.ActiveCfg = Release|Any CPU
		{41BA2001-EECF-49F2-A1A9-E0A274FAB361}.Release|Any CPU.Build.0 = Release|Any CPU
		{67528843-E631-4C05-B6E8-514CC8BEC7B6}.Debug|Any CPU.ActiveCfg = Debug|Any CPU
		{67528843-E631-4C05-B6E8-514CC8BEC7B6}.Debug|Any CPU.Build.0 = Debug|Any CPU
		{67528843-E631-4C05-B6E8-514CC8BEC7B6}.Release|Any CPU.ActiveCfg = Release|Any CPU
		{67528843-E631-4C05-B6E8-514CC8BEC7B6}.Release|Any CPU.Build.0 = Release|Any CPU
	EndGlobalSection
	GlobalSection(SolutionProperties) = preSolution
		HideSolutionNode = FALSE
	EndGlobalSection
	GlobalSection(NestedProjects) = preSolution
		{6B2E2C3C-B2E0-4C9F-A1DA-3E78BDB3A141} = {EBCF346C-E1AD-492E-A15C-84D184044512}
		{F4609545-6D91-4B2D-A811-3201F4934505} = {EBCF346C-E1AD-492E-A15C-84D184044512}
		{67528843-E631-4C05-B6E8-514CC8BEC7B6} = {EBCF346C-E1AD-492E-A15C-84D184044512}
	EndGlobalSection
EndGlobal
