
Microsoft Visual Studio Solution File, Format Version 12.00
# Visual Studio 14
VisualStudioVersion = 14.0.25420.1
MinimumVisualStudioVersion = 10.0.40219.1
Project("{FAE04EC0-301F-11D3-BF4B-00C04F79EFBC}") = "PPSnMod", "PPSnMod\PPSnMod.csproj", "{56F95A2C-ABDB-49CF-91D9-E01D7E3A23A1}"
EndProject
Project("{2150E333-8FDC-42A3-9474-1A3956D46DE8}") = "Extern", "Extern", "{54BD090E-1A47-4CA8-BE9B-0D108FF3CD0E}"
EndProject
Project("{FAE04EC0-301F-11D3-BF4B-00C04F79EFBC}") = "ServerLib", "..\..\twdes\des\ServerLib\ServerLib.csproj", "{6A13EE24-AE1A-4242-8F61-0E32F1E9E37D}"
EndProject
Project("{00D1A9C2-B5F0-4AF3-8072-F6C62B433612}") = "PPSnMaster", "PPSnMaster\PPSnMaster.sqlproj", "{CC8BDBCD-F4DC-4F85-B187-2C6E2EA44F82}"
EndProject
Project("{FAE04EC0-301F-11D3-BF4B-00C04F79EFBC}") = "DESCore", "..\..\twdes\des\Extern\Core\DESCore\DESCore.csproj", "{67528843-E631-4C05-B6E8-514CC8BEC7B6}"
EndProject
Project("{FAE04EC0-301F-11D3-BF4B-00C04F79EFBC}") = "PPSnCore", "..\PPSnCore\PPSnCore\PPSnCore.csproj", "{F4609545-6D91-4B2D-A811-3201F4934505}"
EndProject
Project("{FAE04EC0-301F-11D3-BF4B-00C04F79EFBC}") = "PPSnDesktopUI", "..\PPSnWpf\PPSnDesktopUI\PPSnDesktopUI.csproj", "{C7D09A93-DA78-4B81-8D3C-260442C61C5F}"
EndProject
Project("{FAE04EC0-301F-11D3-BF4B-00C04F79EFBC}") = "PPSnCoreCfg", "PPSnCoreCfg\PPSnCoreCfg.csproj", "{70C94CE9-FC47-4538-A912-87A7B525D431}"
EndProject
Project("{FAE04EC0-301F-11D3-BF4B-00C04F79EFBC}") = "PPSnClient", "..\PPSnCore\PPSnClient\PPSnClient.csproj", "{6B2E2C3C-B2E0-4C9F-A1DA-3E78BDB3A141}"
EndProject
Global
	GlobalSection(SolutionConfigurationPlatforms) = preSolution
		Debug|Any CPU = Debug|Any CPU
		Release|Any CPU = Release|Any CPU
	EndGlobalSection
	GlobalSection(ProjectConfigurationPlatforms) = postSolution
		{56F95A2C-ABDB-49CF-91D9-E01D7E3A23A1}.Debug|Any CPU.ActiveCfg = Debug|Any CPU
		{56F95A2C-ABDB-49CF-91D9-E01D7E3A23A1}.Debug|Any CPU.Build.0 = Debug|Any CPU
		{56F95A2C-ABDB-49CF-91D9-E01D7E3A23A1}.Release|Any CPU.ActiveCfg = Release|Any CPU
		{56F95A2C-ABDB-49CF-91D9-E01D7E3A23A1}.Release|Any CPU.Build.0 = Release|Any CPU
		{6A13EE24-AE1A-4242-8F61-0E32F1E9E37D}.Debug|Any CPU.ActiveCfg = Debug|Any CPU
		{6A13EE24-AE1A-4242-8F61-0E32F1E9E37D}.Debug|Any CPU.Build.0 = Debug|Any CPU
		{6A13EE24-AE1A-4242-8F61-0E32F1E9E37D}.Release|Any CPU.ActiveCfg = Release|Any CPU
		{6A13EE24-AE1A-4242-8F61-0E32F1E9E37D}.Release|Any CPU.Build.0 = Release|Any CPU
		{CC8BDBCD-F4DC-4F85-B187-2C6E2EA44F82}.Debug|Any CPU.ActiveCfg = Debug|Any CPU
		{CC8BDBCD-F4DC-4F85-B187-2C6E2EA44F82}.Debug|Any CPU.Build.0 = Debug|Any CPU
		{CC8BDBCD-F4DC-4F85-B187-2C6E2EA44F82}.Debug|Any CPU.Deploy.0 = Debug|Any CPU
		{CC8BDBCD-F4DC-4F85-B187-2C6E2EA44F82}.Release|Any CPU.ActiveCfg = Release|Any CPU
		{CC8BDBCD-F4DC-4F85-B187-2C6E2EA44F82}.Release|Any CPU.Build.0 = Release|Any CPU
		{CC8BDBCD-F4DC-4F85-B187-2C6E2EA44F82}.Release|Any CPU.Deploy.0 = Release|Any CPU
		{67528843-E631-4C05-B6E8-514CC8BEC7B6}.Debug|Any CPU.ActiveCfg = Debug|Any CPU
		{67528843-E631-4C05-B6E8-514CC8BEC7B6}.Debug|Any CPU.Build.0 = Debug|Any CPU
		{67528843-E631-4C05-B6E8-514CC8BEC7B6}.Release|Any CPU.ActiveCfg = Release|Any CPU
		{67528843-E631-4C05-B6E8-514CC8BEC7B6}.Release|Any CPU.Build.0 = Release|Any CPU
		{F4609545-6D91-4B2D-A811-3201F4934505}.Debug|Any CPU.ActiveCfg = Debug|Any CPU
		{F4609545-6D91-4B2D-A811-3201F4934505}.Debug|Any CPU.Build.0 = Debug|Any CPU
		{F4609545-6D91-4B2D-A811-3201F4934505}.Release|Any CPU.ActiveCfg = Release|Any CPU
		{F4609545-6D91-4B2D-A811-3201F4934505}.Release|Any CPU.Build.0 = Release|Any CPU
		{C7D09A93-DA78-4B81-8D3C-260442C61C5F}.Debug|Any CPU.ActiveCfg = Debug|Any CPU
		{C7D09A93-DA78-4B81-8D3C-260442C61C5F}.Release|Any CPU.ActiveCfg = Release|Any CPU
		{C7D09A93-DA78-4B81-8D3C-260442C61C5F}.Release|Any CPU.Build.0 = Release|Any CPU
		{70C94CE9-FC47-4538-A912-87A7B525D431}.Debug|Any CPU.ActiveCfg = Debug|Any CPU
		{70C94CE9-FC47-4538-A912-87A7B525D431}.Release|Any CPU.ActiveCfg = Release|Any CPU
		{70C94CE9-FC47-4538-A912-87A7B525D431}.Release|Any CPU.Build.0 = Release|Any CPU
		{6B2E2C3C-B2E0-4C9F-A1DA-3E78BDB3A141}.Debug|Any CPU.ActiveCfg = Debug|Any CPU
		{6B2E2C3C-B2E0-4C9F-A1DA-3E78BDB3A141}.Release|Any CPU.ActiveCfg = Release|Any CPU
		{6B2E2C3C-B2E0-4C9F-A1DA-3E78BDB3A141}.Release|Any CPU.Build.0 = Release|Any CPU
	EndGlobalSection
	GlobalSection(SolutionProperties) = preSolution
		HideSolutionNode = FALSE
	EndGlobalSection
	GlobalSection(NestedProjects) = preSolution
		{6A13EE24-AE1A-4242-8F61-0E32F1E9E37D} = {54BD090E-1A47-4CA8-BE9B-0D108FF3CD0E}
		{67528843-E631-4C05-B6E8-514CC8BEC7B6} = {54BD090E-1A47-4CA8-BE9B-0D108FF3CD0E}
		{F4609545-6D91-4B2D-A811-3201F4934505} = {54BD090E-1A47-4CA8-BE9B-0D108FF3CD0E}
		{C7D09A93-DA78-4B81-8D3C-260442C61C5F} = {54BD090E-1A47-4CA8-BE9B-0D108FF3CD0E}
		{6B2E2C3C-B2E0-4C9F-A1DA-3E78BDB3A141} = {54BD090E-1A47-4CA8-BE9B-0D108FF3CD0E}
	EndGlobalSection
EndGlobal
