
Microsoft Visual Studio Solution File, Format Version 12.00
# Visual Studio Version 16
VisualStudioVersion = 16.0.30225.117
MinimumVisualStudioVersion = 10.0.40219.1
Project("{2150E333-8FDC-42A3-9474-1A3956D46DE8}") = "Common", "Common", "{3AFE3696-3A14-45A8-A079-333850913BFA}"
	ProjectSection(SolutionItems) = preProject
		docs\Excel.de.md = docs\Excel.de.md
		docs\Fields.md = docs\Fields.md
		docs\Views.de.md = docs\Views.de.md
	EndProjectSection
EndProject
Project("{2150E333-8FDC-42A3-9474-1A3956D46DE8}") = "Excel", "Excel", "{44AA1057-C75E-4491-A3A4-18D4CDB955B2}"
EndProject
Project("{9A19103F-16F7-4668-BE54-9A1E7A4F7556}") = "PPSnCore", "PPSnCore\PPSnCore.csproj", "{F4609545-6D91-4B2D-A811-3201F4934505}"
EndProject
Project("{D954291E-2A0B-460D-934E-DC6B0785DB48}") = "PPSnClient", "PPSnClient\PPSnClient.shproj", "{F2DBCBC9-91BE-4964-AD72-D51D2D9F73C0}"
EndProject
Project("{FAE04EC0-301F-11D3-BF4B-00C04F79EFBC}") = "PPSnExcel", "PPSnExcel\PPSnExcel.csproj", "{D4900AD1-E946-470E-BC3F-4F041EB2A89D}"
EndProject
Project("{FAE04EC0-301F-11D3-BF4B-00C04F79EFBC}") = "PPSnExcelUI", "PPSnExcelUI\PPSnExcelUI.csproj", "{48F78CBB-B08C-42BB-83AF-D02DE9D16010}"
EndProject
Project("{930C7802-8A8C-48F9-8165-68863BCCD9DD}") = "PPSnExcelMSI", "PPSnExcelMSI\PPSnExcelMSI.wixproj", "{244FBC1B-0ECD-4E6F-9692-C92B5831B412}"
	ProjectSection(ProjectDependencies) = postProject
		{D4900AD1-E946-470E-BC3F-4F041EB2A89D} = {D4900AD1-E946-470E-BC3F-4F041EB2A89D}
	EndProjectSection
EndProject
Project("{FAE04EC0-301F-11D3-BF4B-00C04F79EFBC}") = "PPSnExport", "PPSnExport\PPSnExport.csproj", "{C0ADD0C1-6A22-454F-8797-0051980EE132}"
EndProject
Global
	GlobalSection(SharedMSBuildProjectFiles) = preSolution
		PPSnClient\PPSnClient.projitems*{48f78cbb-b08c-42bb-83af-d02de9d16010}*SharedItemsImports = 4
		PPSnClient\PPSnClient.projitems*{f2dbcbc9-91be-4964-ad72-d51d2d9f73c0}*SharedItemsImports = 13
	EndGlobalSection
	GlobalSection(SolutionConfigurationPlatforms) = preSolution
		Debug|Any CPU = Debug|Any CPU
		Debug|x64 = Debug|x64
		Debug|x86 = Debug|x86
		Release|Any CPU = Release|Any CPU
		Release|x64 = Release|x64
		Release|x86 = Release|x86
	EndGlobalSection
	GlobalSection(ProjectConfigurationPlatforms) = postSolution
		{F4609545-6D91-4B2D-A811-3201F4934505}.Debug|Any CPU.ActiveCfg = Debug|Any CPU
		{F4609545-6D91-4B2D-A811-3201F4934505}.Debug|Any CPU.Build.0 = Debug|Any CPU
		{F4609545-6D91-4B2D-A811-3201F4934505}.Debug|x64.ActiveCfg = Debug|Any CPU
		{F4609545-6D91-4B2D-A811-3201F4934505}.Debug|x64.Build.0 = Debug|Any CPU
		{F4609545-6D91-4B2D-A811-3201F4934505}.Debug|x86.ActiveCfg = Debug|Any CPU
		{F4609545-6D91-4B2D-A811-3201F4934505}.Debug|x86.Build.0 = Debug|Any CPU
		{F4609545-6D91-4B2D-A811-3201F4934505}.Release|Any CPU.ActiveCfg = Release|Any CPU
		{F4609545-6D91-4B2D-A811-3201F4934505}.Release|Any CPU.Build.0 = Release|Any CPU
		{F4609545-6D91-4B2D-A811-3201F4934505}.Release|x64.ActiveCfg = Release|Any CPU
		{F4609545-6D91-4B2D-A811-3201F4934505}.Release|x64.Build.0 = Release|Any CPU
		{F4609545-6D91-4B2D-A811-3201F4934505}.Release|x86.ActiveCfg = Release|Any CPU
		{F4609545-6D91-4B2D-A811-3201F4934505}.Release|x86.Build.0 = Release|Any CPU
		{D4900AD1-E946-470E-BC3F-4F041EB2A89D}.Debug|Any CPU.ActiveCfg = Debug|Any CPU
		{D4900AD1-E946-470E-BC3F-4F041EB2A89D}.Debug|Any CPU.Build.0 = Debug|Any CPU
		{D4900AD1-E946-470E-BC3F-4F041EB2A89D}.Debug|x64.ActiveCfg = Debug|Any CPU
		{D4900AD1-E946-470E-BC3F-4F041EB2A89D}.Debug|x64.Build.0 = Debug|Any CPU
		{D4900AD1-E946-470E-BC3F-4F041EB2A89D}.Debug|x86.ActiveCfg = Debug|Any CPU
		{D4900AD1-E946-470E-BC3F-4F041EB2A89D}.Debug|x86.Build.0 = Debug|Any CPU
		{D4900AD1-E946-470E-BC3F-4F041EB2A89D}.Release|Any CPU.ActiveCfg = Release|Any CPU
		{D4900AD1-E946-470E-BC3F-4F041EB2A89D}.Release|Any CPU.Build.0 = Release|Any CPU
		{D4900AD1-E946-470E-BC3F-4F041EB2A89D}.Release|x64.ActiveCfg = Release|Any CPU
		{D4900AD1-E946-470E-BC3F-4F041EB2A89D}.Release|x64.Build.0 = Release|Any CPU
		{D4900AD1-E946-470E-BC3F-4F041EB2A89D}.Release|x86.ActiveCfg = Release|Any CPU
		{D4900AD1-E946-470E-BC3F-4F041EB2A89D}.Release|x86.Build.0 = Release|Any CPU
		{48F78CBB-B08C-42BB-83AF-D02DE9D16010}.Debug|Any CPU.ActiveCfg = Debug|Any CPU
		{48F78CBB-B08C-42BB-83AF-D02DE9D16010}.Debug|Any CPU.Build.0 = Debug|Any CPU
		{48F78CBB-B08C-42BB-83AF-D02DE9D16010}.Debug|x64.ActiveCfg = Debug|Any CPU
		{48F78CBB-B08C-42BB-83AF-D02DE9D16010}.Debug|x64.Build.0 = Debug|Any CPU
		{48F78CBB-B08C-42BB-83AF-D02DE9D16010}.Debug|x86.ActiveCfg = Debug|Any CPU
		{48F78CBB-B08C-42BB-83AF-D02DE9D16010}.Debug|x86.Build.0 = Debug|Any CPU
		{48F78CBB-B08C-42BB-83AF-D02DE9D16010}.Release|Any CPU.ActiveCfg = Release|Any CPU
		{48F78CBB-B08C-42BB-83AF-D02DE9D16010}.Release|Any CPU.Build.0 = Release|Any CPU
		{48F78CBB-B08C-42BB-83AF-D02DE9D16010}.Release|x64.ActiveCfg = Release|Any CPU
		{48F78CBB-B08C-42BB-83AF-D02DE9D16010}.Release|x64.Build.0 = Release|Any CPU
		{48F78CBB-B08C-42BB-83AF-D02DE9D16010}.Release|x86.ActiveCfg = Release|Any CPU
		{48F78CBB-B08C-42BB-83AF-D02DE9D16010}.Release|x86.Build.0 = Release|Any CPU
		{244FBC1B-0ECD-4E6F-9692-C92B5831B412}.Debug|Any CPU.ActiveCfg = Debug|x86
		{244FBC1B-0ECD-4E6F-9692-C92B5831B412}.Debug|x64.ActiveCfg = Debug|x86
		{244FBC1B-0ECD-4E6F-9692-C92B5831B412}.Debug|x86.ActiveCfg = Debug|x86
		{244FBC1B-0ECD-4E6F-9692-C92B5831B412}.Debug|x86.Build.0 = Debug|x86
		{244FBC1B-0ECD-4E6F-9692-C92B5831B412}.Release|Any CPU.ActiveCfg = Release|x86
		{244FBC1B-0ECD-4E6F-9692-C92B5831B412}.Release|x64.ActiveCfg = Release|x86
		{244FBC1B-0ECD-4E6F-9692-C92B5831B412}.Release|x86.ActiveCfg = Release|x86
		{244FBC1B-0ECD-4E6F-9692-C92B5831B412}.Release|x86.Build.0 = Release|x86
		{C0ADD0C1-6A22-454F-8797-0051980EE132}.Debug|Any CPU.ActiveCfg = Debug|Any CPU
		{C0ADD0C1-6A22-454F-8797-0051980EE132}.Debug|Any CPU.Build.0 = Debug|Any CPU
		{C0ADD0C1-6A22-454F-8797-0051980EE132}.Debug|x64.ActiveCfg = Debug|Any CPU
		{C0ADD0C1-6A22-454F-8797-0051980EE132}.Debug|x64.Build.0 = Debug|Any CPU
		{C0ADD0C1-6A22-454F-8797-0051980EE132}.Debug|x86.ActiveCfg = Debug|Any CPU
		{C0ADD0C1-6A22-454F-8797-0051980EE132}.Debug|x86.Build.0 = Debug|Any CPU
		{C0ADD0C1-6A22-454F-8797-0051980EE132}.Release|Any CPU.ActiveCfg = Release|Any CPU
		{C0ADD0C1-6A22-454F-8797-0051980EE132}.Release|Any CPU.Build.0 = Release|Any CPU
		{C0ADD0C1-6A22-454F-8797-0051980EE132}.Release|x64.ActiveCfg = Release|Any CPU
		{C0ADD0C1-6A22-454F-8797-0051980EE132}.Release|x64.Build.0 = Release|Any CPU
		{C0ADD0C1-6A22-454F-8797-0051980EE132}.Release|x86.ActiveCfg = Release|Any CPU
		{C0ADD0C1-6A22-454F-8797-0051980EE132}.Release|x86.Build.0 = Release|Any CPU
	EndGlobalSection
	GlobalSection(SolutionProperties) = preSolution
		HideSolutionNode = FALSE
	EndGlobalSection
	GlobalSection(NestedProjects) = preSolution
		{F4609545-6D91-4B2D-A811-3201F4934505} = {3AFE3696-3A14-45A8-A079-333850913BFA}
		{F2DBCBC9-91BE-4964-AD72-D51D2D9F73C0} = {3AFE3696-3A14-45A8-A079-333850913BFA}
		{D4900AD1-E946-470E-BC3F-4F041EB2A89D} = {44AA1057-C75E-4491-A3A4-18D4CDB955B2}
		{48F78CBB-B08C-42BB-83AF-D02DE9D16010} = {44AA1057-C75E-4491-A3A4-18D4CDB955B2}
		{244FBC1B-0ECD-4E6F-9692-C92B5831B412} = {44AA1057-C75E-4491-A3A4-18D4CDB955B2}
		{C0ADD0C1-6A22-454F-8797-0051980EE132} = {44AA1057-C75E-4491-A3A4-18D4CDB955B2}
	EndGlobalSection
	GlobalSection(ExtensibilityGlobals) = postSolution
		SolutionGuid = {F0AFC2F2-0A01-4CAB-8B21-44C224AFF0A0}
		RESX_NeutralResourcesLanguage = de-DE
	EndGlobalSection
EndGlobal
