
Microsoft Visual Studio Solution File, Format Version 12.00
# Visual Studio Version 16
VisualStudioVersion = 16.0.30413.136
MinimumVisualStudioVersion = 10.0.40219.1
Project("{2150E333-8FDC-42A3-9474-1A3956D46DE8}") = "Common", "Common", "{3AFE3696-3A14-45A8-A079-333850913BFA}"
EndProject
Project("{2150E333-8FDC-42A3-9474-1A3956D46DE8}") = "Wpf", "Wpf", "{050DF902-A07C-4FDB-9242-E93841CA4036}"
EndProject
Project("{9A19103F-16F7-4668-BE54-9A1E7A4F7556}") = "PPSnCore", "PPSnCore\PPSnCore.csproj", "{F4609545-6D91-4B2D-A811-3201F4934505}"
EndProject
Project("{D954291E-2A0B-460D-934E-DC6B0785DB48}") = "PPSnClient", "PPSnClient\PPSnClient.shproj", "{F2DBCBC9-91BE-4964-AD72-D51D2D9F73C0}"
EndProject
Project("{9A19103F-16F7-4668-BE54-9A1E7A4F7556}") = "PPSnDesktopUI", "PPSnDesktopUI\PPSnDesktopUI.csproj", "{C7D09A93-DA78-4B81-8D3C-260442C61C5F}"
EndProject
Project("{9A19103F-16F7-4668-BE54-9A1E7A4F7556}") = "PPSnDesktop", "PPSnDesktop\PPSnDesktop.csproj", "{399842B7-9C2D-4C1F-8B39-5D479D9C66A7}"
EndProject
Project("{9A19103F-16F7-4668-BE54-9A1E7A4F7556}") = "PPSnReport", "PPSnReport\PPSnReport.csproj", "{BD5FAF7D-B1DD-4A54-A481-C46179FCC087}"
EndProject
Project("{2150E333-8FDC-42A3-9474-1A3956D46DE8}") = "Test", "Test", "{2B37BEA2-FB5B-4F83-A6C4-667AA57951C3}"
EndProject
Project("{FAE04EC0-301F-11D3-BF4B-00C04F79EFBC}") = "PPSnPdfTest", "PPSnPdfTest\PPSnPdfTest.csproj", "{7CF7962C-4A8E-4D49-AC76-65FB75CDDDC1}"
EndProject
Project("{9A19103F-16F7-4668-BE54-9A1E7A4F7556}") = "PPSnUI", "PPSnUI\PPSnUI.csproj", "{136CAD3E-3599-4D02-9FCE-334F2CF66ECD}"
EndProject
Project("{930C7802-8A8C-48F9-8165-68863BCCD9DD}") = "PPSnDesktopMSI", "PPSnDesktopMSI\PPSnDesktopMSI.wixproj", "{F75B6769-DFB8-4280-9D2D-16E2924D494B}"
EndProject
Project("{FAE04EC0-301F-11D3-BF4B-00C04F79EFBC}") = "PPSnDesktopMsiExtension", "PPSnDesktopMsiExtension\PPSnDesktopMsiExtension.csproj", "{67AEE2D1-F1EB-42C9-950B-1929D7B9D809}"
EndProject
Project("{FAE04EC0-301F-11D3-BF4B-00C04F79EFBC}") = "PPSnDesktopTest", "PPSnDesktopTest\PPSnDesktopTest.csproj", "{8B35EFBD-46D9-4E24-A491-ACC5EC4E89F5}"
EndProject
Global
	GlobalSection(SharedMSBuildProjectFiles) = preSolution
		PPSnClient\PPSnClient.projitems*{f2dbcbc9-91be-4964-ad72-d51d2d9f73c0}*SharedItemsImports = 13
	EndGlobalSection
	GlobalSection(SolutionConfigurationPlatforms) = preSolution
		Debug|Any CPU = Debug|Any CPU
		Debug|x86 = Debug|x86
		Release|Any CPU = Release|Any CPU
		Release|x86 = Release|x86
	EndGlobalSection
	GlobalSection(ProjectConfigurationPlatforms) = postSolution
		{F4609545-6D91-4B2D-A811-3201F4934505}.Debug|Any CPU.ActiveCfg = Debug|Any CPU
		{F4609545-6D91-4B2D-A811-3201F4934505}.Debug|Any CPU.Build.0 = Debug|Any CPU
		{F4609545-6D91-4B2D-A811-3201F4934505}.Debug|x86.ActiveCfg = Debug|Any CPU
		{F4609545-6D91-4B2D-A811-3201F4934505}.Debug|x86.Build.0 = Debug|Any CPU
		{F4609545-6D91-4B2D-A811-3201F4934505}.Release|Any CPU.ActiveCfg = Release|Any CPU
		{F4609545-6D91-4B2D-A811-3201F4934505}.Release|Any CPU.Build.0 = Release|Any CPU
		{F4609545-6D91-4B2D-A811-3201F4934505}.Release|x86.ActiveCfg = Release|Any CPU
		{F4609545-6D91-4B2D-A811-3201F4934505}.Release|x86.Build.0 = Release|Any CPU
		{C7D09A93-DA78-4B81-8D3C-260442C61C5F}.Debug|Any CPU.ActiveCfg = Debug|Any CPU
		{C7D09A93-DA78-4B81-8D3C-260442C61C5F}.Debug|Any CPU.Build.0 = Debug|Any CPU
		{C7D09A93-DA78-4B81-8D3C-260442C61C5F}.Debug|x86.ActiveCfg = Debug|Win32
		{C7D09A93-DA78-4B81-8D3C-260442C61C5F}.Debug|x86.Build.0 = Debug|Win32
		{C7D09A93-DA78-4B81-8D3C-260442C61C5F}.Release|Any CPU.ActiveCfg = Release|Any CPU
		{C7D09A93-DA78-4B81-8D3C-260442C61C5F}.Release|Any CPU.Build.0 = Release|Any CPU
		{C7D09A93-DA78-4B81-8D3C-260442C61C5F}.Release|x86.ActiveCfg = Release|Win32
		{C7D09A93-DA78-4B81-8D3C-260442C61C5F}.Release|x86.Build.0 = Release|Win32
		{399842B7-9C2D-4C1F-8B39-5D479D9C66A7}.Debug|Any CPU.ActiveCfg = Debug|Any CPU
		{399842B7-9C2D-4C1F-8B39-5D479D9C66A7}.Debug|Any CPU.Build.0 = Debug|Any CPU
		{399842B7-9C2D-4C1F-8B39-5D479D9C66A7}.Debug|x86.ActiveCfg = Debug|Any CPU
		{399842B7-9C2D-4C1F-8B39-5D479D9C66A7}.Debug|x86.Build.0 = Debug|Any CPU
		{399842B7-9C2D-4C1F-8B39-5D479D9C66A7}.Release|Any CPU.ActiveCfg = Release|Any CPU
		{399842B7-9C2D-4C1F-8B39-5D479D9C66A7}.Release|Any CPU.Build.0 = Release|Any CPU
		{399842B7-9C2D-4C1F-8B39-5D479D9C66A7}.Release|x86.ActiveCfg = Release|Any CPU
		{399842B7-9C2D-4C1F-8B39-5D479D9C66A7}.Release|x86.Build.0 = Release|Any CPU
		{BD5FAF7D-B1DD-4A54-A481-C46179FCC087}.Debug|Any CPU.ActiveCfg = Debug|Any CPU
		{BD5FAF7D-B1DD-4A54-A481-C46179FCC087}.Debug|Any CPU.Build.0 = Debug|Any CPU
		{BD5FAF7D-B1DD-4A54-A481-C46179FCC087}.Debug|x86.ActiveCfg = Debug|Any CPU
		{BD5FAF7D-B1DD-4A54-A481-C46179FCC087}.Release|Any CPU.ActiveCfg = Release|Any CPU
		{BD5FAF7D-B1DD-4A54-A481-C46179FCC087}.Release|Any CPU.Build.0 = Release|Any CPU
		{BD5FAF7D-B1DD-4A54-A481-C46179FCC087}.Release|x86.ActiveCfg = Release|Any CPU
		{7CF7962C-4A8E-4D49-AC76-65FB75CDDDC1}.Debug|Any CPU.ActiveCfg = Debug|Any CPU
		{7CF7962C-4A8E-4D49-AC76-65FB75CDDDC1}.Debug|Any CPU.Build.0 = Debug|Any CPU
		{7CF7962C-4A8E-4D49-AC76-65FB75CDDDC1}.Debug|x86.ActiveCfg = Debug|Any CPU
		{7CF7962C-4A8E-4D49-AC76-65FB75CDDDC1}.Release|Any CPU.ActiveCfg = Release|Any CPU
		{7CF7962C-4A8E-4D49-AC76-65FB75CDDDC1}.Release|Any CPU.Build.0 = Release|Any CPU
		{7CF7962C-4A8E-4D49-AC76-65FB75CDDDC1}.Release|x86.ActiveCfg = Release|Any CPU
		{136CAD3E-3599-4D02-9FCE-334F2CF66ECD}.Debug|Any CPU.ActiveCfg = Debug|Any CPU
		{136CAD3E-3599-4D02-9FCE-334F2CF66ECD}.Debug|Any CPU.Build.0 = Debug|Any CPU
		{136CAD3E-3599-4D02-9FCE-334F2CF66ECD}.Debug|x86.ActiveCfg = Debug|Any CPU
		{136CAD3E-3599-4D02-9FCE-334F2CF66ECD}.Debug|x86.Build.0 = Debug|Any CPU
		{136CAD3E-3599-4D02-9FCE-334F2CF66ECD}.Release|Any CPU.ActiveCfg = Release|Any CPU
		{136CAD3E-3599-4D02-9FCE-334F2CF66ECD}.Release|Any CPU.Build.0 = Release|Any CPU
		{136CAD3E-3599-4D02-9FCE-334F2CF66ECD}.Release|x86.ActiveCfg = Release|Any CPU
		{136CAD3E-3599-4D02-9FCE-334F2CF66ECD}.Release|x86.Build.0 = Release|Any CPU
		{F75B6769-DFB8-4280-9D2D-16E2924D494B}.Debug|Any CPU.ActiveCfg = Debug|x86
		{F75B6769-DFB8-4280-9D2D-16E2924D494B}.Debug|x86.ActiveCfg = Debug|x86
		{F75B6769-DFB8-4280-9D2D-16E2924D494B}.Debug|x86.Build.0 = Debug|x86
		{F75B6769-DFB8-4280-9D2D-16E2924D494B}.Release|Any CPU.ActiveCfg = Release|x86
		{F75B6769-DFB8-4280-9D2D-16E2924D494B}.Release|x86.ActiveCfg = Release|x86
		{F75B6769-DFB8-4280-9D2D-16E2924D494B}.Release|x86.Build.0 = Release|x86
		{67AEE2D1-F1EB-42C9-950B-1929D7B9D809}.Debug|Any CPU.ActiveCfg = Debug|x86
		{67AEE2D1-F1EB-42C9-950B-1929D7B9D809}.Debug|x86.ActiveCfg = Debug|x86
		{67AEE2D1-F1EB-42C9-950B-1929D7B9D809}.Debug|x86.Build.0 = Debug|x86
		{67AEE2D1-F1EB-42C9-950B-1929D7B9D809}.Release|Any CPU.ActiveCfg = Release|x86
		{67AEE2D1-F1EB-42C9-950B-1929D7B9D809}.Release|x86.ActiveCfg = Release|x86
		{67AEE2D1-F1EB-42C9-950B-1929D7B9D809}.Release|x86.Build.0 = Release|x86
		{8B35EFBD-46D9-4E24-A491-ACC5EC4E89F5}.Debug|Any CPU.ActiveCfg = Debug|Any CPU
		{8B35EFBD-46D9-4E24-A491-ACC5EC4E89F5}.Debug|Any CPU.Build.0 = Debug|Any CPU
		{8B35EFBD-46D9-4E24-A491-ACC5EC4E89F5}.Debug|x86.ActiveCfg = Debug|Any CPU
		{8B35EFBD-46D9-4E24-A491-ACC5EC4E89F5}.Debug|x86.Build.0 = Debug|Any CPU
		{8B35EFBD-46D9-4E24-A491-ACC5EC4E89F5}.Release|Any CPU.ActiveCfg = Release|Any CPU
		{8B35EFBD-46D9-4E24-A491-ACC5EC4E89F5}.Release|Any CPU.Build.0 = Release|Any CPU
		{8B35EFBD-46D9-4E24-A491-ACC5EC4E89F5}.Release|x86.ActiveCfg = Release|Any CPU
		{8B35EFBD-46D9-4E24-A491-ACC5EC4E89F5}.Release|x86.Build.0 = Release|Any CPU
	EndGlobalSection
	GlobalSection(SolutionProperties) = preSolution
		HideSolutionNode = FALSE
	EndGlobalSection
	GlobalSection(NestedProjects) = preSolution
		{F4609545-6D91-4B2D-A811-3201F4934505} = {3AFE3696-3A14-45A8-A079-333850913BFA}
		{F2DBCBC9-91BE-4964-AD72-D51D2D9F73C0} = {3AFE3696-3A14-45A8-A079-333850913BFA}
		{C7D09A93-DA78-4B81-8D3C-260442C61C5F} = {050DF902-A07C-4FDB-9242-E93841CA4036}
		{399842B7-9C2D-4C1F-8B39-5D479D9C66A7} = {050DF902-A07C-4FDB-9242-E93841CA4036}
		{BD5FAF7D-B1DD-4A54-A481-C46179FCC087} = {3AFE3696-3A14-45A8-A079-333850913BFA}
		{7CF7962C-4A8E-4D49-AC76-65FB75CDDDC1} = {2B37BEA2-FB5B-4F83-A6C4-667AA57951C3}
		{136CAD3E-3599-4D02-9FCE-334F2CF66ECD} = {3AFE3696-3A14-45A8-A079-333850913BFA}
		{F75B6769-DFB8-4280-9D2D-16E2924D494B} = {050DF902-A07C-4FDB-9242-E93841CA4036}
		{67AEE2D1-F1EB-42C9-950B-1929D7B9D809} = {050DF902-A07C-4FDB-9242-E93841CA4036}
		{8B35EFBD-46D9-4E24-A491-ACC5EC4E89F5} = {050DF902-A07C-4FDB-9242-E93841CA4036}
	EndGlobalSection
	GlobalSection(ExtensibilityGlobals) = postSolution
		SolutionGuid = {F0AFC2F2-0A01-4CAB-8B21-44C224AFF0A0}
		RESX_NeutralResourcesLanguage = de-DE
	EndGlobalSection
EndGlobal
