
Microsoft Visual Studio Solution File, Format Version 12.00
# Visual Studio 15
VisualStudioVersion = 15.0.26403.0
MinimumVisualStudioVersion = 10.0.40219.1
Project("{FAE04EC0-301F-11D3-BF4B-00C04F79EFBC}") = "PPSnDesktop", "PPSnDesktop\PPSnDesktop.csproj", "{399842B7-9C2D-4C1F-8B39-5D479D9C66A7}"
EndProject
Project("{FAE04EC0-301F-11D3-BF4B-00C04F79EFBC}") = "PPSnDesktopUI", "PPSnDesktopUI\PPSnDesktopUI.csproj", "{C7D09A93-DA78-4B81-8D3C-260442C61C5F}"
EndProject
Project("{2150E333-8FDC-42A3-9474-1A3956D46DE8}") = "Extern", "Extern", "{EBCF346C-E1AD-492E-A15C-84D184044512}"
EndProject
Project("{FAE04EC0-301F-11D3-BF4B-00C04F79EFBC}") = "PPSnClient", "..\PPSnCore\PPSnClient\PPSnClient.csproj", "{6B2E2C3C-B2E0-4C9F-A1DA-3E78BDB3A141}"
EndProject
Project("{FAE04EC0-301F-11D3-BF4B-00C04F79EFBC}") = "PPSnCore", "..\PPSnCore\PPSnCore\PPSnCore.csproj", "{F4609545-6D91-4B2D-A811-3201F4934505}"
EndProject
Project("{FAE04EC0-301F-11D3-BF4B-00C04F79EFBC}") = "PPSnExcel", "PPSnExcel\PPSnExcel.csproj", "{D4900AD1-E946-470E-BC3F-4F041EB2A89D}"
EndProject
Project("{FAE04EC0-301F-11D3-BF4B-00C04F79EFBC}") = "DESCore", "..\..\twdes\des\Extern\Core\DESCore\DESCore.csproj", "{67528843-E631-4C05-B6E8-514CC8BEC7B6}"
EndProject
Project("{FAE04EC0-301F-11D3-BF4B-00C04F79EFBC}") = "PPSnDesktopUnitTest", "PPSnDesktopUnitTest\PPSnDesktopUnitTest.csproj", "{C95B3589-AB3D-4594-9591-018F19AAA966}"
EndProject
Global
	GlobalSection(SolutionConfigurationPlatforms) = preSolution
		Debug|Any CPU = Debug|Any CPU
		Release|Any CPU = Release|Any CPU
	EndGlobalSection
	GlobalSection(ProjectConfigurationPlatforms) = postSolution
		{399842B7-9C2D-4C1F-8B39-5D479D9C66A7}.Debug|Any CPU.ActiveCfg = Debug|Any CPU
		{399842B7-9C2D-4C1F-8B39-5D479D9C66A7}.Debug|Any CPU.Build.0 = Debug|Any CPU
		{399842B7-9C2D-4C1F-8B39-5D479D9C66A7}.Release|Any CPU.ActiveCfg = Release|Any CPU
		{399842B7-9C2D-4C1F-8B39-5D479D9C66A7}.Release|Any CPU.Build.0 = Release|Any CPU
		{C7D09A93-DA78-4B81-8D3C-260442C61C5F}.Debug|Any CPU.ActiveCfg = Debug|Any CPU
		{C7D09A93-DA78-4B81-8D3C-260442C61C5F}.Debug|Any CPU.Build.0 = Debug|Any CPU
		{C7D09A93-DA78-4B81-8D3C-260442C61C5F}.Release|Any CPU.ActiveCfg = Release|Any CPU
		{C7D09A93-DA78-4B81-8D3C-260442C61C5F}.Release|Any CPU.Build.0 = Release|Any CPU
		{6B2E2C3C-B2E0-4C9F-A1DA-3E78BDB3A141}.Debug|Any CPU.ActiveCfg = Debug|Any CPU
		{6B2E2C3C-B2E0-4C9F-A1DA-3E78BDB3A141}.Debug|Any CPU.Build.0 = Debug|Any CPU
		{6B2E2C3C-B2E0-4C9F-A1DA-3E78BDB3A141}.Release|Any CPU.ActiveCfg = Release|Any CPU
		{6B2E2C3C-B2E0-4C9F-A1DA-3E78BDB3A141}.Release|Any CPU.Build.0 = Release|Any CPU
		{F4609545-6D91-4B2D-A811-3201F4934505}.Debug|Any CPU.ActiveCfg = Debug|Any CPU
		{F4609545-6D91-4B2D-A811-3201F4934505}.Debug|Any CPU.Build.0 = Debug|Any CPU
		{F4609545-6D91-4B2D-A811-3201F4934505}.Release|Any CPU.ActiveCfg = Release|Any CPU
		{F4609545-6D91-4B2D-A811-3201F4934505}.Release|Any CPU.Build.0 = Release|Any CPU
		{D4900AD1-E946-470E-BC3F-4F041EB2A89D}.Debug|Any CPU.ActiveCfg = Debug|Any CPU
		{D4900AD1-E946-470E-BC3F-4F041EB2A89D}.Debug|Any CPU.Build.0 = Debug|Any CPU
		{D4900AD1-E946-470E-BC3F-4F041EB2A89D}.Release|Any CPU.ActiveCfg = Release|Any CPU
		{D4900AD1-E946-470E-BC3F-4F041EB2A89D}.Release|Any CPU.Build.0 = Release|Any CPU
		{67528843-E631-4C05-B6E8-514CC8BEC7B6}.Debug|Any CPU.ActiveCfg = Debug|Any CPU
		{67528843-E631-4C05-B6E8-514CC8BEC7B6}.Debug|Any CPU.Build.0 = Debug|Any CPU
		{67528843-E631-4C05-B6E8-514CC8BEC7B6}.Release|Any CPU.ActiveCfg = Release|Any CPU
		{67528843-E631-4C05-B6E8-514CC8BEC7B6}.Release|Any CPU.Build.0 = Release|Any CPU
		{C95B3589-AB3D-4594-9591-018F19AAA966}.Debug|Any CPU.ActiveCfg = Debug|Any CPU
		{C95B3589-AB3D-4594-9591-018F19AAA966}.Debug|Any CPU.Build.0 = Debug|Any CPU
		{C95B3589-AB3D-4594-9591-018F19AAA966}.Release|Any CPU.ActiveCfg = Release|Any CPU
		{C95B3589-AB3D-4594-9591-018F19AAA966}.Release|Any CPU.Build.0 = Release|Any CPU
	EndGlobalSection
	GlobalSection(SolutionProperties) = preSolution
		HideSolutionNode = FALSE
	EndGlobalSection
	GlobalSection(NestedProjects) = preSolution
		{6B2E2C3C-B2E0-4C9F-A1DA-3E78BDB3A141} = {EBCF346C-E1AD-492E-A15C-84D184044512}
		{F4609545-6D91-4B2D-A811-3201F4934505} = {EBCF346C-E1AD-492E-A15C-84D184044512}
		{67528843-E631-4C05-B6E8-514CC8BEC7B6} = {EBCF346C-E1AD-492E-A15C-84D184044512}
	EndGlobalSection
	GlobalSection(ExtensibilityGlobals) = postSolution
		RESX_NeutralResourcesLanguage = de-DE
	EndGlobalSection
EndGlobal
